// !$*UTF8*$!
{
	archiveVersion = 1;
	classes = {
	};
	objectVersion = 56;
	objects = {

/* Begin PBXBuildFile section */
		0A1BBC4C29D7EF9A00CA8378 /* LoadingBar.swift in Sources */ = {isa = PBXBuildFile; fileRef = 0A1BBC4B29D7EF9A00CA8378 /* LoadingBar.swift */; };
		0A1BBC4E29D7EF9E00CA8378 /* BouncyBall.swift in Sources */ = {isa = PBXBuildFile; fileRef = 0A1BBC4D29D7EF9E00CA8378 /* BouncyBall.swift */; };
		0A7C2B1E29CE19DF00317845 /* BouncyBallDemoApp.swift in Sources */ = {isa = PBXBuildFile; fileRef = 0A7C2B1D29CE19DF00317845 /* BouncyBallDemoApp.swift */; };
		0A7C2B2029CE19DF00317845 /* ContentView.swift in Sources */ = {isa = PBXBuildFile; fileRef = 0A7C2B1F29CE19DF00317845 /* ContentView.swift */; };
		0A7C2B2229CE19E000317845 /* Assets.xcassets in Resources */ = {isa = PBXBuildFile; fileRef = 0A7C2B2129CE19E000317845 /* Assets.xcassets */; };
		0A7C2B2629CE19E000317845 /* Preview Assets.xcassets in Resources */ = {isa = PBXBuildFile; fileRef = 0A7C2B2529CE19E000317845 /* Preview Assets.xcassets */; };
		0A7C2B3029CE19E000317845 /* BouncyBallDemoTests.swift in Sources */ = {isa = PBXBuildFile; fileRef = 0A7C2B2F29CE19E000317845 /* BouncyBallDemoTests.swift */; };
		0A7C2B3A29CE19E000317845 /* BouncyBallDemoUITests.swift in Sources */ = {isa = PBXBuildFile; fileRef = 0A7C2B3929CE19E000317845 /* BouncyBallDemoUITests.swift */; };
		0A7C2B3C29CE19E000317845 /* BouncyBallDemoUITestsLaunchTests.swift in Sources */ = {isa = PBXBuildFile; fileRef = 0A7C2B3B29CE19E000317845 /* BouncyBallDemoUITestsLaunchTests.swift */; };
/* End PBXBuildFile section */

/* Begin PBXContainerItemProxy section */
		0A7C2B2C29CE19E000317845 /* PBXContainerItemProxy */ = {
			isa = PBXContainerItemProxy;
			containerPortal = 0A7C2B1229CE19DF00317845 /* Project object */;
			proxyType = 1;
			remoteGlobalIDString = 0A7C2B1929CE19DF00317845;
			remoteInfo = BouncyBallDemo;
		};
		0A7C2B3629CE19E000317845 /* PBXContainerItemProxy */ = {
			isa = PBXContainerItemProxy;
			containerPortal = 0A7C2B1229CE19DF00317845 /* Project object */;
			proxyType = 1;
			remoteGlobalIDString = 0A7C2B1929CE19DF00317845;
			remoteInfo = BouncyBallDemo;
		};
/* End PBXContainerItemProxy section */

/* Begin PBXFileReference section */
		0A1BBC4B29D7EF9A00CA8378 /* LoadingBar.swift */ = {isa = PBXFileReference; lastKnownFileType = sourcecode.swift; path = LoadingBar.swift; sourceTree = "<group>"; };
		0A1BBC4D29D7EF9E00CA8378 /* BouncyBall.swift */ = {isa = PBXFileReference; lastKnownFileType = sourcecode.swift; path = BouncyBall.swift; sourceTree = "<group>"; };
		0A7C2B1A29CE19DF00317845 /* BouncyBallDemo.app */ = {isa = PBXFileReference; explicitFileType = wrapper.application; includeInIndex = 0; path = BouncyBallDemo.app; sourceTree = BUILT_PRODUCTS_DIR; };
		0A7C2B1D29CE19DF00317845 /* BouncyBallDemoApp.swift */ = {isa = PBXFileReference; lastKnownFileType = sourcecode.swift; path = BouncyBallDemoApp.swift; sourceTree = "<group>"; };
		0A7C2B1F29CE19DF00317845 /* ContentView.swift */ = {isa = PBXFileReference; lastKnownFileType = sourcecode.swift; path = ContentView.swift; sourceTree = "<group>"; };
		0A7C2B2129CE19E000317845 /* Assets.xcassets */ = {isa = PBXFileReference; lastKnownFileType = folder.assetcatalog; path = Assets.xcassets; sourceTree = "<group>"; };
		0A7C2B2329CE19E000317845 /* BouncyBallDemo.entitlements */ = {isa = PBXFileReference; lastKnownFileType = text.plist.entitlements; path = BouncyBallDemo.entitlements; sourceTree = "<group>"; };
		0A7C2B2529CE19E000317845 /* Preview Assets.xcassets */ = {isa = PBXFileReference; lastKnownFileType = folder.assetcatalog; path = "Preview Assets.xcassets"; sourceTree = "<group>"; };
		0A7C2B2B29CE19E000317845 /* BouncyBallDemoTests.xctest */ = {isa = PBXFileReference; explicitFileType = wrapper.cfbundle; includeInIndex = 0; path = BouncyBallDemoTests.xctest; sourceTree = BUILT_PRODUCTS_DIR; };
		0A7C2B2F29CE19E000317845 /* BouncyBallDemoTests.swift */ = {isa = PBXFileReference; lastKnownFileType = sourcecode.swift; path = BouncyBallDemoTests.swift; sourceTree = "<group>"; };
		0A7C2B3529CE19E000317845 /* BouncyBallDemoUITests.xctest */ = {isa = PBXFileReference; explicitFileType = wrapper.cfbundle; includeInIndex = 0; path = BouncyBallDemoUITests.xctest; sourceTree = BUILT_PRODUCTS_DIR; };
		0A7C2B3929CE19E000317845 /* BouncyBallDemoUITests.swift */ = {isa = PBXFileReference; lastKnownFileType = sourcecode.swift; path = BouncyBallDemoUITests.swift; sourceTree = "<group>"; };
		0A7C2B3B29CE19E000317845 /* BouncyBallDemoUITestsLaunchTests.swift */ = {isa = PBXFileReference; lastKnownFileType = sourcecode.swift; path = BouncyBallDemoUITestsLaunchTests.swift; sourceTree = "<group>"; };
/* End PBXFileReference section */

/* Begin PBXFrameworksBuildPhase section */
		0A7C2B1729CE19DF00317845 /* Frameworks */ = {
			isa = PBXFrameworksBuildPhase;
			buildActionMask = 2147483647;
			files = (
			);
			runOnlyForDeploymentPostprocessing = 0;
		};
		0A7C2B2829CE19E000317845 /* Frameworks */ = {
			isa = PBXFrameworksBuildPhase;
			buildActionMask = 2147483647;
			files = (
			);
			runOnlyForDeploymentPostprocessing = 0;
		};
		0A7C2B3229CE19E000317845 /* Frameworks */ = {
			isa = PBXFrameworksBuildPhase;
			buildActionMask = 2147483647;
			files = (
			);
			runOnlyForDeploymentPostprocessing = 0;
		};
/* End PBXFrameworksBuildPhase section */

/* Begin PBXGroup section */
		0A7C2B1129CE19DF00317845 = {
			isa = PBXGroup;
			children = (
				0A7C2B1C29CE19DF00317845 /* BouncyBallDemo */,
				0A7C2B2E29CE19E000317845 /* BouncyBallDemoTests */,
				0A7C2B3829CE19E000317845 /* BouncyBallDemoUITests */,
				0A7C2B1B29CE19DF00317845 /* Products */,
			);
			sourceTree = "<group>";
		};
		0A7C2B1B29CE19DF00317845 /* Products */ = {
			isa = PBXGroup;
			children = (
				0A7C2B1A29CE19DF00317845 /* BouncyBallDemo.app */,
				0A7C2B2B29CE19E000317845 /* BouncyBallDemoTests.xctest */,
				0A7C2B3529CE19E000317845 /* BouncyBallDemoUITests.xctest */,
			);
			name = Products;
			sourceTree = "<group>";
		};
		0A7C2B1C29CE19DF00317845 /* BouncyBallDemo */ = {
			isa = PBXGroup;
			children = (
				0A7C2B1D29CE19DF00317845 /* BouncyBallDemoApp.swift */,
				0A7C2B1F29CE19DF00317845 /* ContentView.swift */,
				0A1BBC4B29D7EF9A00CA8378 /* LoadingBar.swift */,
				0A1BBC4D29D7EF9E00CA8378 /* BouncyBall.swift */,
				0A7C2B2129CE19E000317845 /* Assets.xcassets */,
				0A7C2B2329CE19E000317845 /* BouncyBallDemo.entitlements */,
				0A7C2B2429CE19E000317845 /* Preview Content */,
			);
			path = BouncyBallDemo;
			sourceTree = "<group>";
		};
		0A7C2B2429CE19E000317845 /* Preview Content */ = {
			isa = PBXGroup;
			children = (
				0A7C2B2529CE19E000317845 /* Preview Assets.xcassets */,
			);
			path = "Preview Content";
			sourceTree = "<group>";
		};
		0A7C2B2E29CE19E000317845 /* BouncyBallDemoTests */ = {
			isa = PBXGroup;
			children = (
				0A7C2B2F29CE19E000317845 /* BouncyBallDemoTests.swift */,
			);
			path = BouncyBallDemoTests;
			sourceTree = "<group>";
		};
		0A7C2B3829CE19E000317845 /* BouncyBallDemoUITests */ = {
			isa = PBXGroup;
			children = (
				0A7C2B3929CE19E000317845 /* BouncyBallDemoUITests.swift */,
				0A7C2B3B29CE19E000317845 /* BouncyBallDemoUITestsLaunchTests.swift */,
			);
			path = BouncyBallDemoUITests;
			sourceTree = "<group>";
		};
/* End PBXGroup section */

/* Begin PBXNativeTarget section */
		0A7C2B1929CE19DF00317845 /* BouncyBallDemo */ = {
			isa = PBXNativeTarget;
			buildConfigurationList = 0A7C2B3F29CE19E000317845 /* Build configuration list for PBXNativeTarget "BouncyBallDemo" */;
			buildPhases = (
				0A7C2B1629CE19DF00317845 /* Sources */,
				0A7C2B1729CE19DF00317845 /* Frameworks */,
				0A7C2B1829CE19DF00317845 /* Resources */,
			);
			buildRules = (
			);
			dependencies = (
			);
			name = BouncyBallDemo;
			productName = BouncyBallDemo;
			productReference = 0A7C2B1A29CE19DF00317845 /* BouncyBallDemo.app */;
			productType = "com.apple.product-type.application";
		};
		0A7C2B2A29CE19E000317845 /* BouncyBallDemoTests */ = {
			isa = PBXNativeTarget;
			buildConfigurationList = 0A7C2B4229CE19E000317845 /* Build configuration list for PBXNativeTarget "BouncyBallDemoTests" */;
			buildPhases = (
				0A7C2B2729CE19E000317845 /* Sources */,
				0A7C2B2829CE19E000317845 /* Frameworks */,
				0A7C2B2929CE19E000317845 /* Resources */,
			);
			buildRules = (
			);
			dependencies = (
				0A7C2B2D29CE19E000317845 /* PBXTargetDependency */,
			);
			name = BouncyBallDemoTests;
			productName = BouncyBallDemoTests;
			productReference = 0A7C2B2B29CE19E000317845 /* BouncyBallDemoTests.xctest */;
			productType = "com.apple.product-type.bundle.unit-test";
		};
		0A7C2B3429CE19E000317845 /* BouncyBallDemoUITests */ = {
			isa = PBXNativeTarget;
			buildConfigurationList = 0A7C2B4529CE19E000317845 /* Build configuration list for PBXNativeTarget "BouncyBallDemoUITests" */;
			buildPhases = (
				0A7C2B3129CE19E000317845 /* Sources */,
				0A7C2B3229CE19E000317845 /* Frameworks */,
				0A7C2B3329CE19E000317845 /* Resources */,
			);
			buildRules = (
			);
			dependencies = (
				0A7C2B3729CE19E000317845 /* PBXTargetDependency */,
			);
			name = BouncyBallDemoUITests;
			productName = BouncyBallDemoUITests;
			productReference = 0A7C2B3529CE19E000317845 /* BouncyBallDemoUITests.xctest */;
			productType = "com.apple.product-type.bundle.ui-testing";
		};
/* End PBXNativeTarget section */

/* Begin PBXProject section */
		0A7C2B1229CE19DF00317845 /* Project object */ = {
			isa = PBXProject;
			attributes = {
				BuildIndependentTargetsInParallel = 1;
				LastSwiftUpdateCheck = 1420;
				LastUpgradeCheck = 1420;
				TargetAttributes = {
					0A7C2B1929CE19DF00317845 = {
						CreatedOnToolsVersion = 14.2;
					};
					0A7C2B2A29CE19E000317845 = {
						CreatedOnToolsVersion = 14.2;
						TestTargetID = 0A7C2B1929CE19DF00317845;
					};
					0A7C2B3429CE19E000317845 = {
						CreatedOnToolsVersion = 14.2;
						TestTargetID = 0A7C2B1929CE19DF00317845;
					};
				};
			};
			buildConfigurationList = 0A7C2B1529CE19DF00317845 /* Build configuration list for PBXProject "BouncyBallDemo" */;
			compatibilityVersion = "Xcode 14.0";
			developmentRegion = en;
			hasScannedForEncodings = 0;
			knownRegions = (
				en,
				Base,
			);
			mainGroup = 0A7C2B1129CE19DF00317845;
			productRefGroup = 0A7C2B1B29CE19DF00317845 /* Products */;
			projectDirPath = "";
			projectRoot = "";
			targets = (
				0A7C2B1929CE19DF00317845 /* BouncyBallDemo */,
				0A7C2B2A29CE19E000317845 /* BouncyBallDemoTests */,
				0A7C2B3429CE19E000317845 /* BouncyBallDemoUITests */,
			);
		};
/* End PBXProject section */

/* Begin PBXResourcesBuildPhase section */
		0A7C2B1829CE19DF00317845 /* Resources */ = {
			isa = PBXResourcesBuildPhase;
			buildActionMask = 2147483647;
			files = (
				0A7C2B2629CE19E000317845 /* Preview Assets.xcassets in Resources */,
				0A7C2B2229CE19E000317845 /* Assets.xcassets in Resources */,
			);
			runOnlyForDeploymentPostprocessing = 0;
		};
		0A7C2B2929CE19E000317845 /* Resources */ = {
			isa = PBXResourcesBuildPhase;
			buildActionMask = 2147483647;
			files = (
			);
			runOnlyForDeploymentPostprocessing = 0;
		};
		0A7C2B3329CE19E000317845 /* Resources */ = {
			isa = PBXResourcesBuildPhase;
			buildActionMask = 2147483647;
			files = (
			);
			runOnlyForDeploymentPostprocessing = 0;
		};
/* End PBXResourcesBuildPhase section */

/* Begin PBXSourcesBuildPhase section */
		0A7C2B1629CE19DF00317845 /* Sources */ = {
			isa = PBXSourcesBuildPhase;
			buildActionMask = 2147483647;
			files = (
				0A1BBC4E29D7EF9E00CA8378 /* BouncyBall.swift in Sources */,
				0A7C2B2029CE19DF00317845 /* ContentView.swift in Sources */,
				0A7C2B1E29CE19DF00317845 /* BouncyBallDemoApp.swift in Sources */,
				0A1BBC4C29D7EF9A00CA8378 /* LoadingBar.swift in Sources */,
			);
			runOnlyForDeploymentPostprocessing = 0;
		};
		0A7C2B2729CE19E000317845 /* Sources */ = {
			isa = PBXSourcesBuildPhase;
			buildActionMask = 2147483647;
			files = (
				0A7C2B3029CE19E000317845 /* BouncyBallDemoTests.swift in Sources */,
			);
			runOnlyForDeploymentPostprocessing = 0;
		};
		0A7C2B3129CE19E000317845 /* Sources */ = {
			isa = PBXSourcesBuildPhase;
			buildActionMask = 2147483647;
			files = (
				0A7C2B3C29CE19E000317845 /* BouncyBallDemoUITestsLaunchTests.swift in Sources */,
				0A7C2B3A29CE19E000317845 /* BouncyBallDemoUITests.swift in Sources */,
			);
			runOnlyForDeploymentPostprocessing = 0;
		};
/* End PBXSourcesBuildPhase section */

/* Begin PBXTargetDependency section */
		0A7C2B2D29CE19E000317845 /* PBXTargetDependency */ = {
			isa = PBXTargetDependency;
			target = 0A7C2B1929CE19DF00317845 /* BouncyBallDemo */;
			targetProxy = 0A7C2B2C29CE19E000317845 /* PBXContainerItemProxy */;
		};
		0A7C2B3729CE19E000317845 /* PBXTargetDependency */ = {
			isa = PBXTargetDependency;
			target = 0A7C2B1929CE19DF00317845 /* BouncyBallDemo */;
			targetProxy = 0A7C2B3629CE19E000317845 /* PBXContainerItemProxy */;
		};
/* End PBXTargetDependency section */

/* Begin XCBuildConfiguration section */
		0A7C2B3D29CE19E000317845 /* Debug */ = {
			isa = XCBuildConfiguration;
			buildSettings = {
				ALWAYS_SEARCH_USER_PATHS = NO;
				CLANG_ANALYZER_NONNULL = YES;
				CLANG_ANALYZER_NUMBER_OBJECT_CONVERSION = YES_AGGRESSIVE;
				CLANG_CXX_LANGUAGE_STANDARD = "gnu++20";
				CLANG_ENABLE_MODULES = YES;
				CLANG_ENABLE_OBJC_ARC = YES;
				CLANG_ENABLE_OBJC_WEAK = YES;
				CLANG_WARN_BLOCK_CAPTURE_AUTORELEASING = YES;
				CLANG_WARN_BOOL_CONVERSION = YES;
				CLANG_WARN_COMMA = YES;
				CLANG_WARN_CONSTANT_CONVERSION = YES;
				CLANG_WARN_DEPRECATED_OBJC_IMPLEMENTATIONS = YES;
				CLANG_WARN_DIRECT_OBJC_ISA_USAGE = YES_ERROR;
				CLANG_WARN_DOCUMENTATION_COMMENTS = YES;
				CLANG_WARN_EMPTY_BODY = YES;
				CLANG_WARN_ENUM_CONVERSION = YES;
				CLANG_WARN_INFINITE_RECURSION = YES;
				CLANG_WARN_INT_CONVERSION = YES;
				CLANG_WARN_NON_LITERAL_NULL_CONVERSION = YES;
				CLANG_WARN_OBJC_IMPLICIT_RETAIN_SELF = YES;
				CLANG_WARN_OBJC_LITERAL_CONVERSION = YES;
				CLANG_WARN_OBJC_ROOT_CLASS = YES_ERROR;
				CLANG_WARN_QUOTED_INCLUDE_IN_FRAMEWORK_HEADER = YES;
				CLANG_WARN_RANGE_LOOP_ANALYSIS = YES;
				CLANG_WARN_STRICT_PROTOTYPES = YES;
				CLANG_WARN_SUSPICIOUS_MOVE = YES;
				CLANG_WARN_UNGUARDED_AVAILABILITY = YES_AGGRESSIVE;
				CLANG_WARN_UNREACHABLE_CODE = YES;
				CLANG_WARN__DUPLICATE_METHOD_MATCH = YES;
				COPY_PHASE_STRIP = NO;
				DEBUG_INFORMATION_FORMAT = dwarf;
				ENABLE_STRICT_OBJC_MSGSEND = YES;
				ENABLE_TESTABILITY = YES;
				GCC_C_LANGUAGE_STANDARD = gnu11;
				GCC_DYNAMIC_NO_PIC = NO;
				GCC_NO_COMMON_BLOCKS = YES;
				GCC_OPTIMIZATION_LEVEL = 0;
				GCC_PREPROCESSOR_DEFINITIONS = (
					"DEBUG=1",
					"$(inherited)",
				);
				GCC_WARN_64_TO_32_BIT_CONVERSION = YES;
				GCC_WARN_ABOUT_RETURN_TYPE = YES_ERROR;
				GCC_WARN_UNDECLARED_SELECTOR = YES;
				GCC_WARN_UNINITIALIZED_AUTOS = YES_AGGRESSIVE;
				GCC_WARN_UNUSED_FUNCTION = YES;
				GCC_WARN_UNUSED_VARIABLE = YES;
				MTL_ENABLE_DEBUG_INFO = INCLUDE_SOURCE;
				MTL_FAST_MATH = YES;
				ONLY_ACTIVE_ARCH = YES;
				SWIFT_ACTIVE_COMPILATION_CONDITIONS = DEBUG;
				SWIFT_OPTIMIZATION_LEVEL = "-Onone";
			};
			name = Debug;
		};
		0A7C2B3E29CE19E000317845 /* Release */ = {
			isa = XCBuildConfiguration;
			buildSettings = {
				ALWAYS_SEARCH_USER_PATHS = NO;
				CLANG_ANALYZER_NONNULL = YES;
				CLANG_ANALYZER_NUMBER_OBJECT_CONVERSION = YES_AGGRESSIVE;
				CLANG_CXX_LANGUAGE_STANDARD = "gnu++20";
				CLANG_ENABLE_MODULES = YES;
				CLANG_ENABLE_OBJC_ARC = YES;
				CLANG_ENABLE_OBJC_WEAK = YES;
				CLANG_WARN_BLOCK_CAPTURE_AUTORELEASING = YES;
				CLANG_WARN_BOOL_CONVERSION = YES;
				CLANG_WARN_COMMA = YES;
				CLANG_WARN_CONSTANT_CONVERSION = YES;
				CLANG_WARN_DEPRECATED_OBJC_IMPLEMENTATIONS = YES;
				CLANG_WARN_DIRECT_OBJC_ISA_USAGE = YES_ERROR;
				CLANG_WARN_DOCUMENTATION_COMMENTS = YES;
				CLANG_WARN_EMPTY_BODY = YES;
				CLANG_WARN_ENUM_CONVERSION = YES;
				CLANG_WARN_INFINITE_RECURSION = YES;
				CLANG_WARN_INT_CONVERSION = YES;
				CLANG_WARN_NON_LITERAL_NULL_CONVERSION = YES;
				CLANG_WARN_OBJC_IMPLICIT_RETAIN_SELF = YES;
				CLANG_WARN_OBJC_LITERAL_CONVERSION = YES;
				CLANG_WARN_OBJC_ROOT_CLASS = YES_ERROR;
				CLANG_WARN_QUOTED_INCLUDE_IN_FRAMEWORK_HEADER = YES;
				CLANG_WARN_RANGE_LOOP_ANALYSIS = YES;
				CLANG_WARN_STRICT_PROTOTYPES = YES;
				CLANG_WARN_SUSPICIOUS_MOVE = YES;
				CLANG_WARN_UNGUARDED_AVAILABILITY = YES_AGGRESSIVE;
				CLANG_WARN_UNREACHABLE_CODE = YES;
				CLANG_WARN__DUPLICATE_METHOD_MATCH = YES;
				COPY_PHASE_STRIP = NO;
				DEBUG_INFORMATION_FORMAT = "dwarf-with-dsym";
				ENABLE_NS_ASSERTIONS = NO;
				ENABLE_STRICT_OBJC_MSGSEND = YES;
				GCC_C_LANGUAGE_STANDARD = gnu11;
				GCC_NO_COMMON_BLOCKS = YES;
				GCC_WARN_64_TO_32_BIT_CONVERSION = YES;
				GCC_WARN_ABOUT_RETURN_TYPE = YES_ERROR;
				GCC_WARN_UNDECLARED_SELECTOR = YES;
				GCC_WARN_UNINITIALIZED_AUTOS = YES_AGGRESSIVE;
				GCC_WARN_UNUSED_FUNCTION = YES;
				GCC_WARN_UNUSED_VARIABLE = YES;
				MTL_ENABLE_DEBUG_INFO = NO;
				MTL_FAST_MATH = YES;
				SWIFT_COMPILATION_MODE = wholemodule;
				SWIFT_OPTIMIZATION_LEVEL = "-O";
			};
			name = Release;
		};
		0A7C2B4029CE19E000317845 /* Debug */ = {
			isa = XCBuildConfiguration;
			buildSettings = {
				ASSETCATALOG_COMPILER_APPICON_NAME = AppIcon;
				ASSETCATALOG_COMPILER_GLOBAL_ACCENT_COLOR_NAME = AccentColor;
				CODE_SIGN_ENTITLEMENTS = BouncyBallDemo/BouncyBallDemo.entitlements;
				CODE_SIGN_STYLE = Automatic;
				CURRENT_PROJECT_VERSION = 1;
				DEVELOPMENT_ASSET_PATHS = "\"BouncyBallDemo/Preview Content\"";
				DEVELOPMENT_TEAM = RV78ENMXZ2;
				ENABLE_HARDENED_RUNTIME = YES;
				ENABLE_PREVIEWS = YES;
				GENERATE_INFOPLIST_FILE = YES;
				INFOPLIST_KEY_CFBundleDisplayName = "Bouncy Loading";
				"INFOPLIST_KEY_UIApplicationSceneManifest_Generation[sdk=iphoneos*]" = YES;
				"INFOPLIST_KEY_UIApplicationSceneManifest_Generation[sdk=iphonesimulator*]" = YES;
				"INFOPLIST_KEY_UIApplicationSupportsIndirectInputEvents[sdk=iphoneos*]" = YES;
				"INFOPLIST_KEY_UIApplicationSupportsIndirectInputEvents[sdk=iphonesimulator*]" = YES;
				"INFOPLIST_KEY_UILaunchScreen_Generation[sdk=iphoneos*]" = YES;
				"INFOPLIST_KEY_UILaunchScreen_Generation[sdk=iphonesimulator*]" = YES;
				"INFOPLIST_KEY_UIStatusBarStyle[sdk=iphoneos*]" = UIStatusBarStyleDefault;
				"INFOPLIST_KEY_UIStatusBarStyle[sdk=iphonesimulator*]" = UIStatusBarStyleDefault;
				INFOPLIST_KEY_UISupportedInterfaceOrientations_iPad = "UIInterfaceOrientationPortrait UIInterfaceOrientationPortraitUpsideDown UIInterfaceOrientationLandscapeLeft UIInterfaceOrientationLandscapeRight";
				INFOPLIST_KEY_UISupportedInterfaceOrientations_iPhone = "UIInterfaceOrientationPortrait UIInterfaceOrientationLandscapeLeft UIInterfaceOrientationLandscapeRight";
				IPHONEOS_DEPLOYMENT_TARGET = 16.2;
				LD_RUNPATH_SEARCH_PATHS = "@executable_path/Frameworks";
				"LD_RUNPATH_SEARCH_PATHS[sdk=macosx*]" = "@executable_path/../Frameworks";
				MACOSX_DEPLOYMENT_TARGET = 13.1;
				MARKETING_VERSION = 1.0;
				PRODUCT_BUNDLE_IDENTIFIER = luckdev.BouncyBallDemo;
				PRODUCT_NAME = "$(TARGET_NAME)";
				SDKROOT = auto;
				SUPPORTED_PLATFORMS = "iphoneos iphonesimulator macosx";
				SWIFT_EMIT_LOC_STRINGS = YES;
				SWIFT_VERSION = 5.0;
				TARGETED_DEVICE_FAMILY = "1,2";
			};
			name = Debug;
		};
		0A7C2B4129CE19E000317845 /* Release */ = {
			isa = XCBuildConfiguration;
			buildSettings = {
				ASSETCATALOG_COMPILER_APPICON_NAME = AppIcon;
				ASSETCATALOG_COMPILER_GLOBAL_ACCENT_COLOR_NAME = AccentColor;
				CODE_SIGN_ENTITLEMENTS = BouncyBallDemo/BouncyBallDemo.entitlements;
				CODE_SIGN_STYLE = Automatic;
				CURRENT_PROJECT_VERSION = 1;
				DEVELOPMENT_ASSET_PATHS = "\"BouncyBallDemo/Preview Content\"";
				DEVELOPMENT_TEAM = RV78ENMXZ2;
				ENABLE_HARDENED_RUNTIME = YES;
				ENABLE_PREVIEWS = YES;
				GENERATE_INFOPLIST_FILE = YES;
				INFOPLIST_KEY_CFBundleDisplayName = "Bouncy Loading";
				"INFOPLIST_KEY_UIApplicationSceneManifest_Generation[sdk=iphoneos*]" = YES;
				"INFOPLIST_KEY_UIApplicationSceneManifest_Generation[sdk=iphonesimulator*]" = YES;
				"INFOPLIST_KEY_UIApplicationSupportsIndirectInputEvents[sdk=iphoneos*]" = YES;
				"INFOPLIST_KEY_UIApplicationSupportsIndirectInputEvents[sdk=iphonesimulator*]" = YES;
				"INFOPLIST_KEY_UILaunchScreen_Generation[sdk=iphoneos*]" = YES;
				"INFOPLIST_KEY_UILaunchScreen_Generation[sdk=iphonesimulator*]" = YES;
				"INFOPLIST_KEY_UIStatusBarStyle[sdk=iphoneos*]" = UIStatusBarStyleDefault;
				"INFOPLIST_KEY_UIStatusBarStyle[sdk=iphonesimulator*]" = UIStatusBarStyleDefault;
				INFOPLIST_KEY_UISupportedInterfaceOrientations_iPad = "UIInterfaceOrientationPortrait UIInterfaceOrientationPortraitUpsideDown UIInterfaceOrientationLandscapeLeft UIInterfaceOrientationLandscapeRight";
				INFOPLIST_KEY_UISupportedInterfaceOrientations_iPhone = "UIInterfaceOrientationPortrait UIInterfaceOrientationLandscapeLeft UIInterfaceOrientationLandscapeRight";
				IPHONEOS_DEPLOYMENT_TARGET = 16.2;
				LD_RUNPATH_SEARCH_PATHS = "@executable_path/Frameworks";
				"LD_RUNPATH_SEARCH_PATHS[sdk=macosx*]" = "@executable_path/../Frameworks";
				MACOSX_DEPLOYMENT_TARGET = 13.1;
				MARKETING_VERSION = 1.0;
				PRODUCT_BUNDLE_IDENTIFIER = luckdev.BouncyBallDemo;
				PRODUCT_NAME = "$(TARGET_NAME)";
				SDKROOT = auto;
				SUPPORTED_PLATFORMS = "iphoneos iphonesimulator macosx";
				SWIFT_EMIT_LOC_STRINGS = YES;
				SWIFT_VERSION = 5.0;
				TARGETED_DEVICE_FAMILY = "1,2";
			};
			name = Release;
		};
		0A7C2B4329CE19E000317845 /* Debug */ = {
			isa = XCBuildConfiguration;
			buildSettings = {
				ALWAYS_EMBED_SWIFT_STANDARD_LIBRARIES = YES;
				BUNDLE_LOADER = "$(TEST_HOST)";
				CODE_SIGN_STYLE = Automatic;
				CURRENT_PROJECT_VERSION = 1;
				DEVELOPMENT_TEAM = RV78ENMXZ2;
				GENERATE_INFOPLIST_FILE = YES;
				IPHONEOS_DEPLOYMENT_TARGET = 16.2;
				MACOSX_DEPLOYMENT_TARGET = 13.1;
				MARKETING_VERSION = 1.0;
				PRODUCT_BUNDLE_IDENTIFIER = luckdev.BouncyBallDemoTests;
				PRODUCT_NAME = "$(TARGET_NAME)";
				SDKROOT = auto;
				SUPPORTED_PLATFORMS = "iphoneos iphonesimulator macosx";
				SWIFT_EMIT_LOC_STRINGS = NO;
				SWIFT_VERSION = 5.0;
				TARGETED_DEVICE_FAMILY = "1,2";
				TEST_HOST = "$(BUILT_PRODUCTS_DIR)/BouncyBallDemo.app/$(BUNDLE_EXECUTABLE_FOLDER_PATH)/BouncyBallDemo";
			};
			name = Debug;
		};
		0A7C2B4429CE19E000317845 /* Release */ = {
			isa = XCBuildConfiguration;
			buildSettings = {
				ALWAYS_EMBED_SWIFT_STANDARD_LIBRARIES = YES;
				BUNDLE_LOADER = "$(TEST_HOST)";
				CODE_SIGN_STYLE = Automatic;
				CURRENT_PROJECT_VERSION = 1;
				DEVELOPMENT_TEAM = RV78ENMXZ2;
				GENERATE_INFOPLIST_FILE = YES;
				IPHONEOS_DEPLOYMENT_TARGET = 16.2;
				MACOSX_DEPLOYMENT_TARGET = 13.1;
				MARKETING_VERSION = 1.0;
				PRODUCT_BUNDLE_IDENTIFIER = luckdev.BouncyBallDemoTests;
				PRODUCT_NAME = "$(TARGET_NAME)";
				SDKROOT = auto;
				SUPPORTED_PLATFORMS = "iphoneos iphonesimulator macosx";
				SWIFT_EMIT_LOC_STRINGS = NO;
				SWIFT_VERSION = 5.0;
				TARGETED_DEVICE_FAMILY = "1,2";
				TEST_HOST = "$(BUILT_PRODUCTS_DIR)/BouncyBallDemo.app/$(BUNDLE_EXECUTABLE_FOLDER_PATH)/BouncyBallDemo";
			};
			name = Release;
		};
		0A7C2B4629CE19E000317845 /* Debug */ = {
			isa = XCBuildConfiguration;
			buildSettings = {
				ALWAYS_EMBED_SWIFT_STANDARD_LIBRARIES = YES;
				CODE_SIGN_STYLE = Automatic;
				CURRENT_PROJECT_VERSION = 1;
				DEVELOPMENT_TEAM = RV78ENMXZ2;
				GENERATE_INFOPLIST_FILE = YES;
				IPHONEOS_DEPLOYMENT_TARGET = 16.2;
				MACOSX_DEPLOYMENT_TARGET = 13.1;
				MARKETING_VERSION = 1.0;
				PRODUCT_BUNDLE_IDENTIFIER = luckdev.BouncyBallDemoUITests;
				PRODUCT_NAME = "$(TARGET_NAME)";
				SDKROOT = auto;
				SUPPORTED_PLATFORMS = "iphoneos iphonesimulator macosx";
				SWIFT_EMIT_LOC_STRINGS = NO;
				SWIFT_VERSION = 5.0;
				TARGETED_DEVICE_FAMILY = "1,2";
				TEST_TARGET_NAME = BouncyBallDemo;
			};
			name = Debug;
		};
		0A7C2B4729CE19E000317845 /* Release */ = {
			isa = XCBuildConfiguration;
			buildSettings = {
				ALWAYS_EMBED_SWIFT_STANDARD_LIBRARIES = YES;
				CODE_SIGN_STYLE = Automatic;
				CURRENT_PROJECT_VERSION = 1;
				DEVELOPMENT_TEAM = RV78ENMXZ2;
				GENERATE_INFOPLIST_FILE = YES;
				IPHONEOS_DEPLOYMENT_TARGET = 16.2;
				MACOSX_DEPLOYMENT_TARGET = 13.1;
				MARKETING_VERSION = 1.0;
				PRODUCT_BUNDLE_IDENTIFIER = luckdev.BouncyBallDemoUITests;
				PRODUCT_NAME = "$(TARGET_NAME)";
				SDKROOT = auto;
				SUPPORTED_PLATFORMS = "iphoneos iphonesimulator macosx";
				SWIFT_EMIT_LOC_STRINGS = NO;
				SWIFT_VERSION = 5.0;
				TARGETED_DEVICE_FAMILY = "1,2";
				TEST_TARGET_NAME = BouncyBallDemo;
			};
			name = Release;
		};
/* End XCBuildConfiguration section */

/* Begin XCConfigurationList section */
		0A7C2B1529CE19DF00317845 /* Build configuration list for PBXProject "BouncyBallDemo" */ = {
			isa = XCConfigurationList;
			buildConfigurations = (
				0A7C2B3D29CE19E000317845 /* Debug */,
				0A7C2B3E29CE19E000317845 /* Release */,
			);
			defaultConfigurationIsVisible = 0;
			defaultConfigurationName = Release;
		};
		0A7C2B3F29CE19E000317845 /* Build configuration list for PBXNativeTarget "BouncyBallDemo" */ = {
			isa = XCConfigurationList;
			buildConfigurations = (
				0A7C2B4029CE19E000317845 /* Debug */,
				0A7C2B4129CE19E000317845 /* Release */,
			);
			defaultConfigurationIsVisible = 0;
			defaultConfigurationName = Release;
		};
		0A7C2B4229CE19E000317845 /* Build configuration list for PBXNativeTarget "BouncyBallDemoTests" */ = {
			isa = XCConfigurationList;
			buildConfigurations = (
				0A7C2B4329CE19E000317845 /* Debug */,
				0A7C2B4429CE19E000317845 /* Release */,
			);
			defaultConfigurationIsVisible = 0;
			defaultConfigurationName = Release;
		};
		0A7C2B4529CE19E000317845 /* Build configuration list for PBXNativeTarget "BouncyBallDemoUITests" */ = {
			isa = XCConfigurationList;
			buildConfigurations = (
				0A7C2B4629CE19E000317845 /* Debug */,
				0A7C2B4729CE19E000317845 /* Release */,
			);
			defaultConfigurationIsVisible = 0;
			defaultConfigurationName = Release;
		};
/* End XCConfigurationList section */
	};
	rootObject = 0A7C2B1229CE19DF00317845 /* Project object */;
}
